PODS:
  - Cuckoo (1.3.0):
    - Cuckoo/Swift (= 1.3.0)
  - Cuckoo/Swift (1.3.0)
  - SwiftLint (0.38.2)

DEPENDENCIES:
  - Cuckoo
  - SwiftLint

SPEC REPOS:
  trunk:
    - Cuckoo
    - SwiftLint

SPEC CHECKSUMS:
  Cuckoo: 4045c5a8ce378c919c20c5ff3d6dd11ded0ec699
  SwiftLint: 8f5d2f903e1c9bcbc832fd16771e80a263ac6cbb

PODFILE CHECKSUM: 62c1770a28a9fdedc5d8783b35fdfa622a6d39ea

COCOAPODS: 1.8.4
