PODS:
  - Cuckoo (1.3.0):
    - Cuckoo/Swift (= 1.3.0)
  - Cuckoo/Swift (1.3.0)
  - Nimble (8.0.5)
  - Quick (2.2.0)
  - SwiftLint (0.38.2)

DEPENDENCIES:
  - Cuckoo
  - Nimble
  - Quick
  - SwiftLint

SPEC REPOS:
  trunk:
    - Cuckoo
    - Nimble
    - Quick
    - SwiftLint

SPEC CHECKSUMS:
  Cuckoo: 4045c5a8ce378c919c20c5ff3d6dd11ded0ec699
  Nimble: 4ab1aeb9b45553c75b9687196b0fa0713170a332
  Quick: 7fb19e13be07b5dfb3b90d4f9824c855a11af40e
  SwiftLint: 8f5d2f903e1c9bcbc832fd16771e80a263ac6cbb

PODFILE CHECKSUM: b16ca10a85c752fe9b32f39552645c7a3fe38dd4

COCOAPODS: 1.8.4
